
Microsoft Visual Studio Solution File, Format Version 12.00
# Visual Studio Version 17
VisualStudioVersion = 17.8.34511.84
MinimumVisualStudioVersion = 10.0.40219.1
Project("{8BC9CEB8-8B4A-11D0-8D11-00A0C91BC942}") = "SplitEvenOddProject", "SplitEvenOddProject\SplitEvenOddProject.vcxproj", "{BE0B5FC9-4F86-4820-B5FF-118C01D4E49E}"
EndProject
Global
	GlobalSection(SolutionConfigurationPlatforms) = preSolution
		Debug|ARM64 = Debug|ARM64
		Debug|x64 = Debug|x64
		Debug|x86 = Debug|x86
		Release|ARM64 = Release|ARM64
		Release|x64 = Release|x64
		Release|x86 = Release|x86
	EndGlobalSection
	GlobalSection(ProjectConfigurationPlatforms) = postSolution
		{BE0B5FC9-4F86-4820-B5FF-118C01D4E49E}.Debug|ARM64.ActiveCfg = Debug|ARM64
		{BE0B5FC9-4F86-4820-B5FF-118C01D4E49E}.Debug|ARM64.Build.0 = Debug|ARM64
		{BE0B5FC9-4F86-4820-B5FF-118C01D4E49E}.Debug|x64.ActiveCfg = Debug|x64
		{BE0B5FC9-4F86-4820-B5FF-118C01D4E49E}.Debug|x64.Build.0 = Debug|x64
		{BE0B5FC9-4F86-4820-B5FF-118C01D4E49E}.Debug|x86.ActiveCfg = Debug|Win32
		{BE0B5FC9-4F86-4820-B5FF-118C01D4E49E}.Debug|x86.Build.0 = Debug|Win32
		{BE0B5FC9-4F86-4820-B5FF-118C01D4E49E}.Release|ARM64.ActiveCfg = Release|ARM64
		{BE0B5FC9-4F86-4820-B5FF-118C01D4E49E}.Release|ARM64.Build.0 = Release|ARM64
		{BE0B5FC9-4F86-4820-B5FF-118C01D4E49E}.Release|x64.ActiveCfg = Release|x64
		{BE0B5FC9-4F86-4820-B5FF-118C01D4E49E}.Release|x64.Build.0 = Release|x64
		{BE0B5FC9-4F86-4820-B5FF-118C01D4E49E}.Release|x86.ActiveCfg = Release|Win32
		{BE0B5FC9-4F86-4820-B5FF-118C01D4E49E}.Release|x86.Build.0 = Release|Win32
	EndGlobalSection
	GlobalSection(SolutionProperties) = preSolution
		HideSolutionNode = FALSE
	EndGlobalSection
	GlobalSection(ExtensibilityGlobals) = postSolution
		SolutionGuid = {E4DEF602-3A2E-4E69-8F53-7C36A14B2BE7}
	EndGlobalSection
EndGlobal
